
Microsoft Visual Studio Solution File, Format Version 12.00
# Visual Studio Version 16
VisualStudioVersion = 16.0.30523.141
MinimumVisualStudioVersion = 10.0.40219.1
Project("{FAE04EC0-301F-11D3-BF4B-00C04F79EFBC}") = "jacapp", "jacapp\jacapp.csproj", "{FD907D07-F9BA-44C1-A214-D3C8B56CF2E4}"
EndProject
Global
	GlobalSection(SolutionConfigurationPlatforms) = preSolution
		Debug|Any CPU = Debug|Any CPU
		Release|Any CPU = Release|Any CPU
	EndGlobalSection
	GlobalSection(ProjectConfigurationPlatforms) = postSolution
		{FD907D07-F9BA-44C1-A214-D3C8B56CF2E4}.Debug|Any CPU.ActiveCfg = Debug|Any CPU
		{FD907D07-F9BA-44C1-A214-D3C8B56CF2E4}.Debug|Any CPU.Build.0 = Debug|Any CPU
		{FD907D07-F9BA-44C1-A214-D3C8B56CF2E4}.Release|Any CPU.ActiveCfg = Release|Any CPU
		{FD907D07-F9BA-44C1-A214-D3C8B56CF2E4}.Release|Any CPU.Build.0 = Release|Any CPU
	EndGlobalSection
	GlobalSection(SolutionProperties) = preSolution
		HideSolutionNode = FALSE
	EndGlobalSection
	GlobalSection(ExtensibilityGlobals) = postSolution
		SolutionGuid = {30A0497E-B8BB-41B6-A61B-9C3E60851E97}
	EndGlobalSection
EndGlobal
